
Microsoft Visual Studio Solution File, Format Version 12.00
# Visual Studio Version 17
VisualStudioVersion = 17.7.34221.43
MinimumVisualStudioVersion = 10.0.40219.1
Project("{FAE04EC0-301F-11D3-BF4B-00C04F79EFBC}") = "ApiGestionAgua", "ApiGestionAgua\ApiGestionAgua.csproj", "{DFCFE135-8A88-4DCD-A4CC-E125AD6AD4FA}"
EndProject
Global
	GlobalSection(SolutionConfigurationPlatforms) = preSolution
		Debug|Any CPU = Debug|Any CPU
		Release|Any CPU = Release|Any CPU
	EndGlobalSection
	GlobalSection(ProjectConfigurationPlatforms) = postSolution
		{DFCFE135-8A88-4DCD-A4CC-E125AD6AD4FA}.Debug|Any CPU.ActiveCfg = Debug|Any CPU
		{DFCFE135-8A88-4DCD-A4CC-E125AD6AD4FA}.Debug|Any CPU.Build.0 = Debug|Any CPU
		{DFCFE135-8A88-4DCD-A4CC-E125AD6AD4FA}.Release|Any CPU.ActiveCfg = Release|Any CPU
		{DFCFE135-8A88-4DCD-A4CC-E125AD6AD4FA}.Release|Any CPU.Build.0 = Release|Any CPU
	EndGlobalSection
	GlobalSection(SolutionProperties) = preSolution
		HideSolutionNode = FALSE
	EndGlobalSection
	GlobalSection(ExtensibilityGlobals) = postSolution
		SolutionGuid = {258670B8-F930-48C2-A604-170F7276B148}
	EndGlobalSection
EndGlobal
